<?xml version="1.0" encoding="utf-8"?>
<Project ToolsVersion="4.0" xmlns="http://schemas.microsoft.com/developer/msbuild/2003">
  <ItemGroup>
    <Filter Include="Resource Files">
      <UniqueIdentifier>{67DA6AB6-F800-4c08-8B7A-83BB121AAD01}</UniqueIdentifier>
      <Extensions>rc;ico;cur;bmp;dlg;rc2;rct;bin;rgs;gif;jpg;jpeg;jpe;resx;tiff;tif;png;wav;mfcribbon-ms</Extensions>
    </Filter>
    <Filter Include="Traffic simulation Files">
      <UniqueIdentifier>{4FC737F1-C7A5-4376-A066-2A32D752A2FF}</UniqueIdentifier>
      <Extensions>cpp;c;cc;cxx;c++;cppm;ixx;def;odl;idl;hpj;bat;asm;asmx</Extensions>
    </Filter>
    <Filter Include="Framework Files">
      <UniqueIdentifier>{93995380-89BD-4b04-88EB-625FBE52EBFB}</UniqueIdentifier>
      <Extensions>h;hh;hpp;hxx;h++;hm;inl;inc;ipp;xsd</Extensions>
    </Filter>
  </ItemGroup>
  <ItemGroup>
    <ClInclude Include="framework.h">
      <Filter>Framework Files</Filter>
    </ClInclude>
    <ClInclude Include="targetver.h">
      <Filter>Framework Files</Filter>
    </ClInclude>
    <ClInclude Include="Resource.h">
      <Filter>Framework Files</Filter>
    </ClInclude>
    <ClInclude Include="Core.h">
      <Filter>Framework Files</Filter>
    </ClInclude>
    <ClInclude Include="pch.h">
      <Filter>Framework Files</Filter>
    </ClInclude>
    <ClInclude Include="structs.h">
      <Filter>Framework Files</Filter>
    </ClInclude>
    <ClInclude Include="utils.h">
      <Filter>Framework Files</Filter>
    </ClInclude>
    <ClInclude Include="Game.h">
      <Filter>Traffic simulation Files</Filter>
    </ClInclude>
    <ClInclude Include="vechicle.h">
      <Filter>Traffic simulation Files</Filter>
    </ClInclude>
    <ClInclude Include="VechicleManager.h">
      <Filter>Traffic simulation Files</Filter>
    </ClInclude>
  </ItemGroup>
  <ItemGroup>
    <ClCompile Include="Game.cpp">
      <Filter>Traffic simulation Files</Filter>
    </ClCompile>
    <ClCompile Include="Core.cpp">
      <Filter>Framework Files</Filter>
    </ClCompile>
    <ClCompile Include="main.cpp">
      <Filter>Framework Files</Filter>
    </ClCompile>
    <ClCompile Include="pch.cpp">
      <Filter>Framework Files</Filter>
    </ClCompile>
    <ClCompile Include="structs.cpp">
      <Filter>Framework Files</Filter>
    </ClCompile>
    <ClCompile Include="utils.cpp">
      <Filter>Framework Files</Filter>
    </ClCompile>
    <ClCompile Include="vechicle.cpp">
      <Filter>Traffic simulation Files</Filter>
    </ClCompile>
    <ClCompile Include="VechicleManager.cpp">
      <Filter>Traffic simulation Files</Filter>
    </ClCompile>
  </ItemGroup>
  <ItemGroup>
    <ResourceCompile Include="Traffic simulation.rc">
      <Filter>Resource Files</Filter>
    </ResourceCompile>
  </ItemGroup>
  <ItemGroup>
    <Image Include="small.ico">
      <Filter>Resource Files</Filter>
    </Image>
    <Image Include="Traffic simulation.ico">
      <Filter>Resource Files</Filter>
    </Image>
    <Image Include="textures\Traffic simulation icon.png">
      <Filter>Resource Files</Filter>
    </Image>
    <Image Include="textures\RoadEndD.png">
      <Filter>Resource Files</Filter>
    </Image>
    <Image Include="textures\RoadEndL.png">
      <Filter>Resource Files</Filter>
    </Image>
    <Image Include="textures\RoadEndR.png">
      <Filter>Resource Files</Filter>
    </Image>
    <Image Include="textures\RoadEndU.png">
      <Filter>Resource Files</Filter>
    </Image>
    <Image Include="textures\RoadHorizontale.jpg">
      <Filter>Resource Files</Filter>
    </Image>
    <Image Include="textures\RoadTurnDtoL.png">
      <Filter>Resource Files</Filter>
    </Image>
    <Image Include="textures\RoadTurnDtoR.png">
      <Filter>Resource Files</Filter>
    </Image>
    <Image Include="textures\RoadTurnUtoL.png">
      <Filter>Resource Files</Filter>
    </Image>
    <Image Include="textures\RoadTurnUtoR.png">
      <Filter>Resource Files</Filter>
    </Image>
    <Image Include="textures\RoadVerticale.png">
      <Filter>Resource Files</Filter>
    </Image>
    <Image Include="textures\grass.png">
      <Filter>Resource Files</Filter>
    </Image>
    <Image Include="textures\RoadHorizontale.png">
      <Filter>Resource Files</Filter>
    </Image>
    <Image Include="textures\RoadPoint.png">
      <Filter>Resource Files</Filter>
    </Image>
    <Image Include="textures\RoadCross.png">
      <Filter>Resource Files</Filter>
    </Image>
    <Image Include="textures\RoadLUD.png">
      <Filter>Resource Files</Filter>
    </Image>
    <Image Include="textures\RoadLUR.png">
      <Filter>Resource Files</Filter>
    </Image>
    <Image Include="textures\RoadURD.png">
      <Filter>Resource Files</Filter>
    </Image>
    <Image Include="textures\RoadLDR.png">
      <Filter>Resource Files</Filter>
    </Image>
    <Image Include="textures\FactoryD.png">
      <Filter>Resource Files</Filter>
    </Image>
    <Image Include="textures\FactoryU.png">
      <Filter>Resource Files</Filter>
    </Image>
    <Image Include="textures\FactoryR.png">
      <Filter>Resource Files</Filter>
    </Image>
    <Image Include="textures\FactoryL.png">
      <Filter>Resource Files</Filter>
    </Image>
    <Image Include="textures\houseD.png">
      <Filter>Resource Files</Filter>
    </Image>
    <Image Include="textures\houseL.png">
      <Filter>Resource Files</Filter>
    </Image>
    <Image Include="textures\houseR.png">
      <Filter>Resource Files</Filter>
    </Image>
    <Image Include="textures\houseU.png">
      <Filter>Resource Files</Filter>
    </Image>
    <Image Include="textures\CarTexture.png">
      <Filter>Resource Files</Filter>
    </Image>
  </ItemGroup>
</Project>